
Microsoft Visual Studio Solution File, Format Version 12.00
# Visual Studio 2012
Project("{FAE04EC0-301F-11D3-BF4B-00C04F79EFBC}") = "AcmMvcApp", "AcmMvcApp\AcmMvcApp.csproj", "{C03C8CFF-6042-4DD5-8171-504A4420B036}"
EndProject
Global
	GlobalSection(SolutionConfigurationPlatforms) = preSolution
		Debug|Any CPU = Debug|Any CPU
		Release|Any CPU = Release|Any CPU
	EndGlobalSection
	GlobalSection(ProjectConfigurationPlatforms) = postSolution
		{C03C8CFF-6042-4DD5-8171-504A4420B036}.Debug|Any CPU.ActiveCfg = Debug|Any CPU
		{C03C8CFF-6042-4DD5-8171-504A4420B036}.Debug|Any CPU.Build.0 = Debug|Any CPU
		{C03C8CFF-6042-4DD5-8171-504A4420B036}.Release|Any CPU.ActiveCfg = Release|Any CPU
		{C03C8CFF-6042-4DD5-8171-504A4420B036}.Release|Any CPU.Build.0 = Release|Any CPU
	EndGlobalSection
	GlobalSection(SolutionProperties) = preSolution
		HideSolutionNode = FALSE
	EndGlobalSection
EndGlobal
